
Microsoft Visual Studio Solution File, Format Version 15.00
# Visual Studio 2017
Project("{FAE04EC0-301F-11D3-BF4B-00C04F79EFBC}") = "hope-admin", "hope-admin.csproj", "{7CDE9726-46AE-4789-9DBD-A5F860E8DFDD}"
EndProject
Global
	GlobalSection(SolutionConfigurationPlatforms) = preSolution
		Debug|Any CPU = Debug|Any CPU
		Release|Any CPU = Release|Any CPU
	EndGlobalSection
	GlobalSection(ProjectConfigurationPlatforms) = postSolution
		{7CDE9726-46AE-4789-9DBD-A5F860E8DFDD}.Debug|Any CPU.ActiveCfg = Debug|Any CPU
		{7CDE9726-46AE-4789-9DBD-A5F860E8DFDD}.Debug|Any CPU.Build.0 = Debug|Any CPU
		{7CDE9726-46AE-4789-9DBD-A5F860E8DFDD}.Release|Any CPU.ActiveCfg = Release|Any CPU
		{7CDE9726-46AE-4789-9DBD-A5F860E8DFDD}.Release|Any CPU.Build.0 = Release|Any CPU
	EndGlobalSection
EndGlobal
